
Microsoft Visual Studio Solution File, Format Version 12.00
# Visual Studio Version 16
VisualStudioVersion = 16.0.29911.84
MinimumVisualStudioVersion = 10.0.40219.1
Project("{FAE04EC0-301F-11D3-BF4B-00C04F79EFBC}") = "Banco", "Banco\Banco.csproj", "{BBAEAAF4-9016-40C4-B41D-B30F0A6B974F}"
EndProject
Global
	GlobalSection(SolutionConfigurationPlatforms) = preSolution
		Debug|Any CPU = Debug|Any CPU
		Release|Any CPU = Release|Any CPU
	EndGlobalSection
	GlobalSection(ProjectConfigurationPlatforms) = postSolution
		{BBAEAAF4-9016-40C4-B41D-B30F0A6B974F}.Debug|Any CPU.ActiveCfg = Debug|Any CPU
		{BBAEAAF4-9016-40C4-B41D-B30F0A6B974F}.Debug|Any CPU.Build.0 = Debug|Any CPU
		{BBAEAAF4-9016-40C4-B41D-B30F0A6B974F}.Release|Any CPU.ActiveCfg = Release|Any CPU
		{BBAEAAF4-9016-40C4-B41D-B30F0A6B974F}.Release|Any CPU.Build.0 = Release|Any CPU
	EndGlobalSection
	GlobalSection(SolutionProperties) = preSolution
		HideSolutionNode = FALSE
	EndGlobalSection
	GlobalSection(ExtensibilityGlobals) = postSolution
		SolutionGuid = {5622196A-1FFE-4D1B-913A-6C9C0A53F00D}
	EndGlobalSection
EndGlobal
