
Microsoft Visual Studio Solution File, Format Version 12.00
# Visual Studio Version 16
VisualStudioVersion = 16.0.30002.166
MinimumVisualStudioVersion = 10.0.40219.1
Project("{FAE04EC0-301F-11D3-BF4B-00C04F79EFBC}") = "Matriz", "Matriz\Matriz.csproj", "{BDCC0C37-850B-4961-8597-BBA8EC5E844A}"
EndProject
Global
	GlobalSection(SolutionConfigurationPlatforms) = preSolution
		Debug|Any CPU = Debug|Any CPU
		Release|Any CPU = Release|Any CPU
	EndGlobalSection
	GlobalSection(ProjectConfigurationPlatforms) = postSolution
		{BDCC0C37-850B-4961-8597-BBA8EC5E844A}.Debug|Any CPU.ActiveCfg = Debug|Any CPU
		{BDCC0C37-850B-4961-8597-BBA8EC5E844A}.Debug|Any CPU.Build.0 = Debug|Any CPU
		{BDCC0C37-850B-4961-8597-BBA8EC5E844A}.Release|Any CPU.ActiveCfg = Release|Any CPU
		{BDCC0C37-850B-4961-8597-BBA8EC5E844A}.Release|Any CPU.Build.0 = Release|Any CPU
	EndGlobalSection
	GlobalSection(SolutionProperties) = preSolution
		HideSolutionNode = FALSE
	EndGlobalSection
	GlobalSection(ExtensibilityGlobals) = postSolution
		SolutionGuid = {2A7A0844-83C1-4C90-86D0-B9E143BFBCCC}
	EndGlobalSection
EndGlobal
