
Microsoft Visual Studio Solution File, Format Version 12.00
# Visual Studio Version 16
VisualStudioVersion = 16.0.30002.166
MinimumVisualStudioVersion = 10.0.40219.1
Project("{FAE04EC0-301F-11D3-BF4B-00C04F79EFBC}") = "Exercicio02", "Exercicio02\Exercicio02.csproj", "{EEB0FE74-31FB-4C6C-AE8C-1C6370CDCCD8}"
EndProject
Global
	GlobalSection(SolutionConfigurationPlatforms) = preSolution
		Debug|Any CPU = Debug|Any CPU
		Release|Any CPU = Release|Any CPU
	EndGlobalSection
	GlobalSection(ProjectConfigurationPlatforms) = postSolution
		{EEB0FE74-31FB-4C6C-AE8C-1C6370CDCCD8}.Debug|Any CPU.ActiveCfg = Debug|Any CPU
		{EEB0FE74-31FB-4C6C-AE8C-1C6370CDCCD8}.Debug|Any CPU.Build.0 = Debug|Any CPU
		{EEB0FE74-31FB-4C6C-AE8C-1C6370CDCCD8}.Release|Any CPU.ActiveCfg = Release|Any CPU
		{EEB0FE74-31FB-4C6C-AE8C-1C6370CDCCD8}.Release|Any CPU.Build.0 = Release|Any CPU
	EndGlobalSection
	GlobalSection(SolutionProperties) = preSolution
		HideSolutionNode = FALSE
	EndGlobalSection
	GlobalSection(ExtensibilityGlobals) = postSolution
		SolutionGuid = {53E027C4-0A5A-439E-81F4-5AACEDB8E38F}
	EndGlobalSection
EndGlobal
