
Microsoft Visual Studio Solution File, Format Version 12.00
# Visual Studio Version 16
VisualStudioVersion = 16.0.30002.166
MinimumVisualStudioVersion = 10.0.40219.1
Project("{FAE04EC0-301F-11D3-BF4B-00C04F79EFBC}") = "Heranca", "Heranca\Heranca.csproj", "{5B996E45-8B91-419C-89F6-90D9598C32DD}"
EndProject
Global
	GlobalSection(SolutionConfigurationPlatforms) = preSolution
		Debug|Any CPU = Debug|Any CPU
		Release|Any CPU = Release|Any CPU
	EndGlobalSection
	GlobalSection(ProjectConfigurationPlatforms) = postSolution
		{5B996E45-8B91-419C-89F6-90D9598C32DD}.Debug|Any CPU.ActiveCfg = Debug|Any CPU
		{5B996E45-8B91-419C-89F6-90D9598C32DD}.Debug|Any CPU.Build.0 = Debug|Any CPU
		{5B996E45-8B91-419C-89F6-90D9598C32DD}.Release|Any CPU.ActiveCfg = Release|Any CPU
		{5B996E45-8B91-419C-89F6-90D9598C32DD}.Release|Any CPU.Build.0 = Release|Any CPU
	EndGlobalSection
	GlobalSection(SolutionProperties) = preSolution
		HideSolutionNode = FALSE
	EndGlobalSection
	GlobalSection(ExtensibilityGlobals) = postSolution
		SolutionGuid = {852CA23B-BA84-4BDF-BC2F-B0B2F5873C82}
	EndGlobalSection
EndGlobal
