
Microsoft Visual Studio Solution File, Format Version 12.00
# Visual Studio Version 16
VisualStudioVersion = 16.0.30002.166
MinimumVisualStudioVersion = 10.0.40219.1
Project("{FAE04EC0-301F-11D3-BF4B-00C04F79EFBC}") = "Cast", "Cast\Cast.csproj", "{C45FFC25-D81B-44E8-9D3A-4F21BD7B1724}"
EndProject
Global
	GlobalSection(SolutionConfigurationPlatforms) = preSolution
		Debug|Any CPU = Debug|Any CPU
		Release|Any CPU = Release|Any CPU
	EndGlobalSection
	GlobalSection(ProjectConfigurationPlatforms) = postSolution
		{C45FFC25-D81B-44E8-9D3A-4F21BD7B1724}.Debug|Any CPU.ActiveCfg = Debug|Any CPU
		{C45FFC25-D81B-44E8-9D3A-4F21BD7B1724}.Debug|Any CPU.Build.0 = Debug|Any CPU
		{C45FFC25-D81B-44E8-9D3A-4F21BD7B1724}.Release|Any CPU.ActiveCfg = Release|Any CPU
		{C45FFC25-D81B-44E8-9D3A-4F21BD7B1724}.Release|Any CPU.Build.0 = Release|Any CPU
	EndGlobalSection
	GlobalSection(SolutionProperties) = preSolution
		HideSolutionNode = FALSE
	EndGlobalSection
	GlobalSection(ExtensibilityGlobals) = postSolution
		SolutionGuid = {A2D5FE8D-9613-474B-AA3C-3724D6290FEC}
	EndGlobalSection
EndGlobal
